
Microsoft Visual Studio Solution File, Format Version 12.00
# Visual Studio 2012
Project("{FAE04EC0-301F-11D3-BF4B-00C04F79EFBC}") = "ReadFile", "ReadFile.csproj", "{90721B40-C3E3-4380-9490-9DA65C7FCD72}"
EndProject
Global
	GlobalSection(SolutionConfigurationPlatforms) = preSolution
		Debug|Any CPU = Debug|Any CPU
		Release|Any CPU = Release|Any CPU
	EndGlobalSection
	GlobalSection(ProjectConfigurationPlatforms) = postSolution
		{90721B40-C3E3-4380-9490-9DA65C7FCD72}.Debug|Any CPU.ActiveCfg = Debug|Any CPU
		{90721B40-C3E3-4380-9490-9DA65C7FCD72}.Debug|Any CPU.Build.0 = Debug|Any CPU
		{90721B40-C3E3-4380-9490-9DA65C7FCD72}.Release|Any CPU.ActiveCfg = Release|Any CPU
		{90721B40-C3E3-4380-9490-9DA65C7FCD72}.Release|Any CPU.Build.0 = Release|Any CPU
	EndGlobalSection
	GlobalSection(SolutionProperties) = preSolution
		HideSolutionNode = FALSE
	EndGlobalSection
EndGlobal
