
Microsoft Visual Studio Solution File, Format Version 12.00
# Visual Studio 2012
Project("{FAE04EC0-301F-11D3-BF4B-00C04F79EFBC}") = "GameDemo", "GameDemo\GameDemo.csproj", "{E76CB944-7D01-4C0A-A3FD-4E86BD9F8FBA}"
EndProject
Global
	GlobalSection(SolutionConfigurationPlatforms) = preSolution
		Debug|Any CPU = Debug|Any CPU
		Release|Any CPU = Release|Any CPU
	EndGlobalSection
	GlobalSection(ProjectConfigurationPlatforms) = postSolution
		{E76CB944-7D01-4C0A-A3FD-4E86BD9F8FBA}.Debug|Any CPU.ActiveCfg = Debug|Any CPU
		{E76CB944-7D01-4C0A-A3FD-4E86BD9F8FBA}.Debug|Any CPU.Build.0 = Debug|Any CPU
		{E76CB944-7D01-4C0A-A3FD-4E86BD9F8FBA}.Release|Any CPU.ActiveCfg = Release|Any CPU
		{E76CB944-7D01-4C0A-A3FD-4E86BD9F8FBA}.Release|Any CPU.Build.0 = Release|Any CPU
	EndGlobalSection
	GlobalSection(SolutionProperties) = preSolution
		HideSolutionNode = FALSE
	EndGlobalSection
EndGlobal
