
Microsoft Visual Studio Solution File, Format Version 12.00
# Visual Studio 2012
Project("{FAE04EC0-301F-11D3-BF4B-00C04F79EFBC}") = "MedalDemo", "MedalDemo.csproj", "{C890A3D6-F7BA-4787-94F7-7C53EE41232E}"
EndProject
Global
	GlobalSection(SolutionConfigurationPlatforms) = preSolution
		Debug|Any CPU = Debug|Any CPU
		Release|Any CPU = Release|Any CPU
	EndGlobalSection
	GlobalSection(ProjectConfigurationPlatforms) = postSolution
		{C890A3D6-F7BA-4787-94F7-7C53EE41232E}.Debug|Any CPU.ActiveCfg = Debug|Any CPU
		{C890A3D6-F7BA-4787-94F7-7C53EE41232E}.Debug|Any CPU.Build.0 = Debug|Any CPU
		{C890A3D6-F7BA-4787-94F7-7C53EE41232E}.Release|Any CPU.ActiveCfg = Release|Any CPU
		{C890A3D6-F7BA-4787-94F7-7C53EE41232E}.Release|Any CPU.Build.0 = Release|Any CPU
	EndGlobalSection
	GlobalSection(SolutionProperties) = preSolution
		HideSolutionNode = FALSE
	EndGlobalSection
EndGlobal
