
Microsoft Visual Studio Solution File, Format Version 12.00
# Visual Studio 2012
Project("{FAE04EC0-301F-11D3-BF4B-00C04F79EFBC}") = "Drawable_ShapesDemo", "Drawable_ShapesDemo\Drawable_ShapesDemo.csproj", "{65707C2A-CCF6-474C-9EED-5A875984F64D}"
EndProject
Global
	GlobalSection(SolutionConfigurationPlatforms) = preSolution
		Debug|Any CPU = Debug|Any CPU
		Release|Any CPU = Release|Any CPU
	EndGlobalSection
	GlobalSection(ProjectConfigurationPlatforms) = postSolution
		{65707C2A-CCF6-474C-9EED-5A875984F64D}.Debug|Any CPU.ActiveCfg = Debug|Any CPU
		{65707C2A-CCF6-474C-9EED-5A875984F64D}.Debug|Any CPU.Build.0 = Debug|Any CPU
		{65707C2A-CCF6-474C-9EED-5A875984F64D}.Release|Any CPU.ActiveCfg = Release|Any CPU
		{65707C2A-CCF6-474C-9EED-5A875984F64D}.Release|Any CPU.Build.0 = Release|Any CPU
	EndGlobalSection
	GlobalSection(SolutionProperties) = preSolution
		HideSolutionNode = FALSE
	EndGlobalSection
EndGlobal
